
Microsoft Visual Studio Solution File, Format Version 12.00
# Visual Studio Version 16
VisualStudioVersion = 16.0.810.19
MinimumVisualStudioVersion = 10.0.40219.1
Project("{FAE04EC0-301F-11D3-BF4B-00C04F79EFBC}") = "AuthenticationService", "AuthenticationService\AuthenticationService.csproj", "{0F592923-1144-4A62-AE91-BBE9CFDD0255}"
EndProject
Project("{FAE04EC0-301F-11D3-BF4B-00C04F79EFBC}") = "Test", "Test\Test.csproj", "{4D7BB7F3-624E-48B8-B94B-131721C5B278}"
EndProject
Global
	GlobalSection(SolutionConfigurationPlatforms) = preSolution
		Debug|Any CPU = Debug|Any CPU
		Release|Any CPU = Release|Any CPU
	EndGlobalSection
	GlobalSection(ProjectConfigurationPlatforms) = postSolution
		{0F592923-1144-4A62-AE91-BBE9CFDD0255}.Debug|Any CPU.ActiveCfg = Debug|Any CPU
		{0F592923-1144-4A62-AE91-BBE9CFDD0255}.Debug|Any CPU.Build.0 = Debug|Any CPU
		{0F592923-1144-4A62-AE91-BBE9CFDD0255}.Release|Any CPU.ActiveCfg = Release|Any CPU
		{0F592923-1144-4A62-AE91-BBE9CFDD0255}.Release|Any CPU.Build.0 = Release|Any CPU
		{4D7BB7F3-624E-48B8-B94B-131721C5B278}.Debug|Any CPU.ActiveCfg = Debug|Any CPU
		{4D7BB7F3-624E-48B8-B94B-131721C5B278}.Debug|Any CPU.Build.0 = Debug|Any CPU
		{4D7BB7F3-624E-48B8-B94B-131721C5B278}.Release|Any CPU.ActiveCfg = Release|Any CPU
		{4D7BB7F3-624E-48B8-B94B-131721C5B278}.Release|Any CPU.Build.0 = Release|Any CPU
	EndGlobalSection
	GlobalSection(SolutionProperties) = preSolution
		HideSolutionNode = FALSE
	EndGlobalSection
	GlobalSection(ExtensibilityGlobals) = postSolution
		SolutionGuid = {8281C4A1-8C35-4203-9B10-7C9C5EC5CCEA}
	EndGlobalSection
EndGlobal
